{
  "version": 4,
  "terraform_version": "1.12.1",
  "serial": 376,
  "lineage": "0096f3c3-91a1-daca-5439-68f78e4b4b05",
  "outputs": {},
  "resources": [
    {
      "mode": "data",
      "type": "azurerm_client_config",
      "name": "current",
      "provider": "provider[\"registry.terraform.io/hashicorp/azurerm\"]",
      "instances": [
        {
          "schema_version": 0,
          "attributes": {
            "client_id": "04b07795-8ddb-461a-bbee-02f9e1bf7b46",
            "id": "Y2xpZW50Q29uZmlncy9jbGllbnRJZD0wNGIwNzc5NS04ZGRiLTQ2MWEtYmJlZS0wMmY5ZTFiZjdiNDY7b2JqZWN0SWQ9MjQ3YjkyMmQtZDFkMS00NDRkLWI3OGEtMWNhYWM2MmEwZDMyO3N1YnNjcmlwdGlvbklkPTlkYjAyMTUyLTJkMzEtNDBmNi04YzE4LTEwN2MxM2JjYTUyYjt0ZW5hbnRJZD1mOTA0Y2ZiNy1hY2U5LTQ1NWQtOTlmZi04ODk1NzJiYWEzNjY=",
            "object_id": "247b922d-d1d1-444d-b78a-1caac62a0d32",
            "subscription_id": "9db02152-2d31-40f6-8c18-107c13bca52b",
            "tenant_id": "f904cfb7-ace9-455d-99ff-889572baa366",
            "timeouts": null
          },
          "sensitive_attributes": [],
          "identity_schema_version": 0
        }
      ]
    },
    {
      "mode": "managed",
      "type": "azurerm_key_vault",
      "name": "KEYvault",
      "provider": "provider[\"registry.terraform.io/hashicorp/azurerm\"]",
      "instances": [
        {
          "schema_version": 2,
          "attributes": {
            "access_policy": [
              {
                "application_id": "",
                "certificate_permissions": [],
                "key_permissions": [
                  "Get",
                  "List",
                  "Encrypt",
                  "Decrypt"
                ],
                "object_id": "247b922d-d1d1-444d-b78a-1caac62a0d32",
                "secret_permissions": [
                  "Delete",
                  "Get",
                  "Backup",
                  "List",
                  "Purge",
                  "Recover",
                  "Restore",
                  "Set"
                ],
                "storage_permissions": [],
                "tenant_id": "f904cfb7-ace9-455d-99ff-889572baa366"
              }
            ],
            "contact": [],
            "enable_rbac_authorization": false,
            "enabled_for_deployment": false,
            "enabled_for_disk_encryption": true,
            "enabled_for_template_deployment": false,
            "id": "/subscriptions/9db02152-2d31-40f6-8c18-107c13bca52b/resourceGroups/Demo1_RG/providers/Microsoft.KeyVault/vaults/wow-ZlKm5mC",
            "location": "canadacentral",
            "name": "wow-ZlKm5mC",
            "network_acls": [
              {
                "bypass": "AzureServices",
                "default_action": "Allow",
                "ip_rules": [],
                "virtual_network_subnet_ids": []
              }
            ],
            "public_network_access_enabled": true,
            "purge_protection_enabled": false,
            "resource_group_name": "Demo1_RG",
            "sku_name": "standard",
            "soft_delete_retention_days": 7,
            "tags": {},
            "tenant_id": "f904cfb7-ace9-455d-99ff-889572baa366",
            "timeouts": null,
            "vault_uri": "https://wow-zlkm5mc.vault.azure.net/"
          },
          "sensitive_attributes": [],
          "identity_schema_version": 0,
          "private": "eyJlMmJmYjczMC1lY2FhLTExZTYtOGY4OC0zNDM2M2JjN2M0YzAiOnsiY3JlYXRlIjoxODAwMDAwMDAwMDAwLCJkZWxldGUiOjE4MDAwMDAwMDAwMDAsInJlYWQiOjMwMDAwMDAwMDAwMCwidXBkYXRlIjoxODAwMDAwMDAwMDAwfSwic2NoZW1hX3ZlcnNpb24iOiIyIn0=",
          "dependencies": [
            "data.azurerm_client_config.current",
            "random_string.naming"
          ]
        }
      ]
    },
    {
      "mode": "managed",
      "type": "azurerm_key_vault_access_policy",
      "name": "principal",
      "provider": "provider[\"registry.terraform.io/hashicorp/azurerm\"]",
      "instances": [
        {
          "schema_version": 0,
          "attributes": {
            "application_id": "",
            "certificate_permissions": [],
            "id": "/subscriptions/9db02152-2d31-40f6-8c18-107c13bca52b/resourceGroups/Demo1_RG/providers/Microsoft.KeyVault/vaults/wow-ZlKm5mC/objectId/247b922d-d1d1-444d-b78a-1caac62a0d32",
            "key_permissions": [
              "Get",
              "List",
              "Encrypt",
              "Decrypt"
            ],
            "key_vault_id": "/subscriptions/9db02152-2d31-40f6-8c18-107c13bca52b/resourceGroups/Demo1_RG/providers/Microsoft.KeyVault/vaults/wow-ZlKm5mC",
            "object_id": "247b922d-d1d1-444d-b78a-1caac62a0d32",
            "secret_permissions": [
              "Delete",
              "Get",
              "Backup",
              "List",
              "Purge",
              "Recover",
              "Restore",
              "Set"
            ],
            "storage_permissions": [],
            "tenant_id": "f904cfb7-ace9-455d-99ff-889572baa366",
            "timeouts": null
          },
          "sensitive_attributes": [],
          "identity_schema_version": 0,
          "private": "eyJlMmJmYjczMC1lY2FhLTExZTYtOGY4OC0zNDM2M2JjN2M0YzAiOnsiY3JlYXRlIjoxODAwMDAwMDAwMDAwLCJkZWxldGUiOjE4MDAwMDAwMDAwMDAsInJlYWQiOjMwMDAwMDAwMDAwMCwidXBkYXRlIjoxODAwMDAwMDAwMDAwfX0=",
          "dependencies": [
            "azurerm_key_vault.KEYvault",
            "data.azurerm_client_config.current",
            "random_string.naming"
          ]
        }
      ]
    },
    {
      "mode": "managed",
      "type": "azurerm_network_interface",
      "name": "mainNIC",
      "provider": "provider[\"registry.terraform.io/hashicorp/azurerm\"]",
      "instances": [
        {
          "schema_version": 0,
          "attributes": {
            "accelerated_networking_enabled": false,
            "applied_dns_servers": [],
            "auxiliary_mode": "",
            "auxiliary_sku": "",
            "dns_servers": [],
            "edge_zone": "",
            "id": "/subscriptions/9db02152-2d31-40f6-8c18-107c13bca52b/resourceGroups/Demo1_RG/providers/Microsoft.Network/networkInterfaces/Demo_NIC",
            "internal_dns_name_label": "",
            "internal_domain_name_suffix": "kbzlkcui2njederqrpwbwejpfb.ux.internal.cloudapp.net",
            "ip_configuration": [
              {
                "gateway_load_balancer_frontend_ip_configuration_id": "",
                "name": "internal",
                "primary": true,
                "private_ip_address": "10.0.1.4",
                "private_ip_address_allocation": "Dynamic",
                "private_ip_address_version": "IPv4",
                "public_ip_address_id": "/subscriptions/9db02152-2d31-40f6-8c18-107c13bca52b/resourceGroups/Demo1_RG/providers/Microsoft.Network/publicIPAddresses/Public-IP",
                "subnet_id": "/subscriptions/9db02152-2d31-40f6-8c18-107c13bca52b/resourceGroups/Demo1_RG/providers/Microsoft.Network/virtualNetworks/Virtual_Network/subnets/subnet1"
              }
            ],
            "ip_forwarding_enabled": false,
            "location": "canadacentral",
            "mac_address": "",
            "name": "Demo_NIC",
            "private_ip_address": "10.0.1.4",
            "private_ip_addresses": [
              "10.0.1.4"
            ],
            "resource_group_name": "Demo1_RG",
            "tags": {},
            "timeouts": null,
            "virtual_machine_id": ""
          },
          "sensitive_attributes": [],
          "identity_schema_version": 0,
          "private": "eyJlMmJmYjczMC1lY2FhLTExZTYtOGY4OC0zNDM2M2JjN2M0YzAiOnsiY3JlYXRlIjoxODAwMDAwMDAwMDAwLCJkZWxldGUiOjE4MDAwMDAwMDAwMDAsInJlYWQiOjMwMDAwMDAwMDAwMCwidXBkYXRlIjoxODAwMDAwMDAwMDAwfX0=",
          "dependencies": [
            "azurerm_public_ip.Public_IP",
            "azurerm_subnet.sub1",
            "azurerm_virtual_network.mainVNET"
          ]
        }
      ]
    },
    {
      "mode": "managed",
      "type": "azurerm_network_interface_security_group_association",
      "name": "nsg_assoc",
      "provider": "provider[\"registry.terraform.io/hashicorp/azurerm\"]",
      "instances": [
        {
          "schema_version": 0,
          "attributes": {
            "id": "/subscriptions/9db02152-2d31-40f6-8c18-107c13bca52b/resourceGroups/Demo1_RG/providers/Microsoft.Network/networkInterfaces/Demo_NIC|/subscriptions/9db02152-2d31-40f6-8c18-107c13bca52b/resourceGroups/Demo1_RG/providers/Microsoft.Network/networkSecurityGroups/Demo1_NSG",
            "network_interface_id": "/subscriptions/9db02152-2d31-40f6-8c18-107c13bca52b/resourceGroups/Demo1_RG/providers/Microsoft.Network/networkInterfaces/Demo_NIC",
            "network_security_group_id": "/subscriptions/9db02152-2d31-40f6-8c18-107c13bca52b/resourceGroups/Demo1_RG/providers/Microsoft.Network/networkSecurityGroups/Demo1_NSG",
            "timeouts": null
          },
          "sensitive_attributes": [],
          "identity_schema_version": 0,
          "private": "eyJlMmJmYjczMC1lY2FhLTExZTYtOGY4OC0zNDM2M2JjN2M0YzAiOnsiY3JlYXRlIjoxODAwMDAwMDAwMDAwLCJkZWxldGUiOjE4MDAwMDAwMDAwMDAsInJlYWQiOjMwMDAwMDAwMDAwMH19",
          "dependencies": [
            "azurerm_network_interface.mainNIC",
            "azurerm_network_security_group.mainNSG",
            "azurerm_public_ip.Public_IP",
            "azurerm_subnet.sub1",
            "azurerm_virtual_network.mainVNET"
          ]
        }
      ]
    },
    {
      "mode": "managed",
      "type": "azurerm_network_security_group",
      "name": "mainNSG",
      "provider": "provider[\"registry.terraform.io/hashicorp/azurerm\"]",
      "instances": [
        {
          "schema_version": 0,
          "attributes": {
            "id": "/subscriptions/9db02152-2d31-40f6-8c18-107c13bca52b/resourceGroups/Demo1_RG/providers/Microsoft.Network/networkSecurityGroups/Demo1_NSG",
            "location": "canadacentral",
            "name": "Demo1_NSG",
            "resource_group_name": "Demo1_RG",
            "security_rule": [
              {
                "access": "Allow",
                "description": "",
                "destination_address_prefix": "*",
                "destination_address_prefixes": [],
                "destination_application_security_group_ids": [],
                "destination_port_range": "22",
                "destination_port_ranges": [],
                "direction": "Inbound",
                "name": "AllowSSHInbound",
                "priority": 100,
                "protocol": "Tcp",
                "source_address_prefix": "*",
                "source_address_prefixes": [],
                "source_application_security_group_ids": [],
                "source_port_range": "*",
                "source_port_ranges": []
              },
              {
                "access": "Allow",
                "description": "",
                "destination_address_prefix": "*",
                "destination_address_prefixes": [],
                "destination_application_security_group_ids": [],
                "destination_port_range": "8080",
                "destination_port_ranges": [],
                "direction": "Inbound",
                "name": "InBoundRule",
                "priority": 110,
                "protocol": "Tcp",
                "source_address_prefix": "*",
                "source_address_prefixes": [],
                "source_application_security_group_ids": [],
                "source_port_range": "*",
                "source_port_ranges": []
              }
            ],
            "tags": {
              "environment": "Test"
            },
            "timeouts": null
          },
          "sensitive_attributes": [],
          "identity_schema_version": 0,
          "private": "eyJlMmJmYjczMC1lY2FhLTExZTYtOGY4OC0zNDM2M2JjN2M0YzAiOnsiY3JlYXRlIjoxODAwMDAwMDAwMDAwLCJkZWxldGUiOjE4MDAwMDAwMDAwMDAsInJlYWQiOjMwMDAwMDAwMDAwMCwidXBkYXRlIjoxODAwMDAwMDAwMDAwfX0="
        }
      ]
    },
    {
      "mode": "managed",
      "type": "azurerm_public_ip",
      "name": "Public_IP",
      "provider": "provider[\"registry.terraform.io/hashicorp/azurerm\"]",
      "instances": [
        {
          "schema_version": 0,
          "attributes": {
            "allocation_method": "Static",
            "ddos_protection_mode": "VirtualNetworkInherited",
            "ddos_protection_plan_id": null,
            "domain_name_label": null,
            "domain_name_label_scope": null,
            "edge_zone": "",
            "fqdn": null,
            "id": "/subscriptions/9db02152-2d31-40f6-8c18-107c13bca52b/resourceGroups/Demo1_RG/providers/Microsoft.Network/publicIPAddresses/Public-IP",
            "idle_timeout_in_minutes": 4,
            "ip_address": "4.206.171.12",
            "ip_tags": {},
            "ip_version": "IPv4",
            "location": "canadacentral",
            "name": "Public-IP",
            "public_ip_prefix_id": null,
            "resource_group_name": "Demo1_RG",
            "reverse_fqdn": null,
            "sku": "Standard",
            "sku_tier": "Regional",
            "tags": {
              "environment": "Test"
            },
            "timeouts": null,
            "zones": []
          },
          "sensitive_attributes": [],
          "identity_schema_version": 0,
          "private": "eyJlMmJmYjczMC1lY2FhLTExZTYtOGY4OC0zNDM2M2JjN2M0YzAiOnsiY3JlYXRlIjoxODAwMDAwMDAwMDAwLCJkZWxldGUiOjE4MDAwMDAwMDAwMDAsInJlYWQiOjMwMDAwMDAwMDAwMCwidXBkYXRlIjoxODAwMDAwMDAwMDAwfX0="
        }
      ]
    },
    {
      "mode": "managed",
      "type": "azurerm_resource_group",
      "name": "RG",
      "provider": "provider[\"registry.terraform.io/hashicorp/azurerm\"]",
      "instances": [
        {
          "schema_version": 0,
          "attributes": {
            "id": "/subscriptions/9db02152-2d31-40f6-8c18-107c13bca52b/resourceGroups/Demo1_RG",
            "location": "canadacentral",
            "managed_by": "",
            "name": "Demo1_RG",
            "tags": {},
            "timeouts": null
          },
          "sensitive_attributes": [],
          "identity_schema_version": 0,
          "private": "eyJlMmJmYjczMC1lY2FhLTExZTYtOGY4OC0zNDM2M2JjN2M0YzAiOnsiY3JlYXRlIjo1NDAwMDAwMDAwMDAwLCJkZWxldGUiOjU0MDAwMDAwMDAwMDAsInJlYWQiOjMwMDAwMDAwMDAwMCwidXBkYXRlIjo1NDAwMDAwMDAwMDAwfX0="
        }
      ]
    },
    {
      "mode": "managed",
      "type": "azurerm_subnet",
      "name": "sub1",
      "provider": "provider[\"registry.terraform.io/hashicorp/azurerm\"]",
      "instances": [
        {
          "schema_version": 0,
          "attributes": {
            "address_prefixes": [
              "10.0.1.0/24"
            ],
            "default_outbound_access_enabled": true,
            "delegation": [],
            "id": "/subscriptions/9db02152-2d31-40f6-8c18-107c13bca52b/resourceGroups/Demo1_RG/providers/Microsoft.Network/virtualNetworks/Virtual_Network/subnets/subnet1",
            "name": "subnet1",
            "private_endpoint_network_policies": "Disabled",
            "private_link_service_network_policies_enabled": true,
            "resource_group_name": "Demo1_RG",
            "service_endpoint_policy_ids": [],
            "service_endpoints": [],
            "timeouts": null,
            "virtual_network_name": "Virtual_Network"
          },
          "sensitive_attributes": [],
          "identity_schema_version": 0,
          "private": "eyJlMmJmYjczMC1lY2FhLTExZTYtOGY4OC0zNDM2M2JjN2M0YzAiOnsiY3JlYXRlIjoxODAwMDAwMDAwMDAwLCJkZWxldGUiOjE4MDAwMDAwMDAwMDAsInJlYWQiOjMwMDAwMDAwMDAwMCwidXBkYXRlIjoxODAwMDAwMDAwMDAwfX0=",
          "dependencies": [
            "azurerm_virtual_network.mainVNET"
          ]
        }
      ]
    },
    {
      "mode": "managed",
      "type": "azurerm_subnet",
      "name": "sub2",
      "provider": "provider[\"registry.terraform.io/hashicorp/azurerm\"]",
      "instances": [
        {
          "schema_version": 0,
          "attributes": {
            "address_prefixes": [
              "10.0.2.0/24"
            ],
            "default_outbound_access_enabled": true,
            "delegation": [],
            "id": "/subscriptions/9db02152-2d31-40f6-8c18-107c13bca52b/resourceGroups/Demo1_RG/providers/Microsoft.Network/virtualNetworks/Virtual_Network/subnets/subnet2",
            "name": "subnet2",
            "private_endpoint_network_policies": "Disabled",
            "private_link_service_network_policies_enabled": true,
            "resource_group_name": "Demo1_RG",
            "service_endpoint_policy_ids": [],
            "service_endpoints": [],
            "timeouts": null,
            "virtual_network_name": "Virtual_Network"
          },
          "sensitive_attributes": [],
          "identity_schema_version": 0,
          "private": "eyJlMmJmYjczMC1lY2FhLTExZTYtOGY4OC0zNDM2M2JjN2M0YzAiOnsiY3JlYXRlIjoxODAwMDAwMDAwMDAwLCJkZWxldGUiOjE4MDAwMDAwMDAwMDAsInJlYWQiOjMwMDAwMDAwMDAwMCwidXBkYXRlIjoxODAwMDAwMDAwMDAwfX0=",
          "dependencies": [
            "azurerm_virtual_network.mainVNET"
          ]
        }
      ]
    },
    {
      "mode": "managed",
      "type": "azurerm_virtual_network",
      "name": "mainVNET",
      "provider": "provider[\"registry.terraform.io/hashicorp/azurerm\"]",
      "instances": [
        {
          "schema_version": 0,
          "attributes": {
            "address_space": [
              "10.0.0.0/16"
            ],
            "bgp_community": "",
            "ddos_protection_plan": [],
            "dns_servers": [],
            "edge_zone": "",
            "encryption": [],
            "flow_timeout_in_minutes": 0,
            "guid": "0ab57250-e388-4152-9230-8bec1b112f29",
            "id": "/subscriptions/9db02152-2d31-40f6-8c18-107c13bca52b/resourceGroups/Demo1_RG/providers/Microsoft.Network/virtualNetworks/Virtual_Network",
            "location": "canadacentral",
            "name": "Virtual_Network",
            "private_endpoint_vnet_policies": "Disabled",
            "resource_group_name": "Demo1_RG",
            "subnet": [
              {
                "address_prefixes": [
                  "10.0.1.0/24"
                ],
                "default_outbound_access_enabled": true,
                "delegation": [],
                "id": "/subscriptions/9db02152-2d31-40f6-8c18-107c13bca52b/resourceGroups/Demo1_RG/providers/Microsoft.Network/virtualNetworks/Virtual_Network/subnets/subnet1",
                "name": "subnet1",
                "private_endpoint_network_policies": "Disabled",
                "private_link_service_network_policies_enabled": true,
                "route_table_id": "",
                "security_group": "",
                "service_endpoint_policy_ids": [],
                "service_endpoints": []
              },
              {
                "address_prefixes": [
                  "10.0.2.0/24"
                ],
                "default_outbound_access_enabled": true,
                "delegation": [],
                "id": "/subscriptions/9db02152-2d31-40f6-8c18-107c13bca52b/resourceGroups/Demo1_RG/providers/Microsoft.Network/virtualNetworks/Virtual_Network/subnets/subnet2",
                "name": "subnet2",
                "private_endpoint_network_policies": "Disabled",
                "private_link_service_network_policies_enabled": true,
                "route_table_id": "",
                "security_group": "",
                "service_endpoint_policy_ids": [],
                "service_endpoints": []
              }
            ],
            "tags": {
              "environment": "Test"
            },
            "timeouts": null
          },
          "sensitive_attributes": [],
          "identity_schema_version": 0,
          "private": "eyJlMmJmYjczMC1lY2FhLTExZTYtOGY4OC0zNDM2M2JjN2M0YzAiOnsiY3JlYXRlIjoxODAwMDAwMDAwMDAwLCJkZWxldGUiOjE4MDAwMDAwMDAwMDAsInJlYWQiOjMwMDAwMDAwMDAwMCwidXBkYXRlIjoxODAwMDAwMDAwMDAwfX0="
        }
      ]
    },
    {
      "mode": "managed",
      "type": "local_file",
      "name": "private_key",
      "provider": "provider[\"registry.terraform.io/hashicorp/local\"]",
      "instances": [
        {
          "schema_version": 0,
          "attributes": {
            "content": "-----BEGIN RSA PRIVATE KEY-----\nMIIJKQIBAAKCAgEAqca2IXyR45XinCaCgfspuimKhLvr9Ka7JAfWJoHswhb6TMSN\nzyBZt6Tei6yS2ejMCiQKnFS+5SPIrGUTXIIIw/zlVNY6kC6mamju+qJW23AGC5XH\nj1qbbHmyq1cvLJgydVnDVa4FuFMSo7dFNplSFCiLLljuOs/kz7AK6rlExoErE509\nllWh/RYBOwMdamB7COJQA1obSvU3reMlYAhz8mD033Lu++UqFZo1ieVR7T6cQq0u\nP+7IWJIgPuX9j71lDv+bTcUVPgJAIJZPmGOtczfkPSO8SpazurreEMwdZ0bxlKdN\nnlJzzS8NjlsUj+jVX3m28Nk0yFp0ivttJkxNvpaJG0Q2pIn+Bey6p/D0QokU3Zuz\nENWUUuQyXHtKfpBpGRZ8pxUhK/iuJa9hGU8toY9ldF6/4smntM2sGSWKZkSvmCKq\n6uXLdoiYxfK239EECm2HFDHnSnYBrGjyf0Uc6U4IMuiKCE1DdMTYs3iuPiEOHJ+7\nMjZZQQJgTlB4DTzIX++ZjlnlToc/mMcbhbxPv/gMKKLNXeOqfalJBNgGwIWpG+7x\nVgkTI6gIcLE3fI6OstsQ5IXQx94hfviSJ0dUIobgj04Eqc+blioSeYwh15jLb+Sj\nITjW7ZOiojjyDdbippPiRlduLKuUYDpfcngm8InVcHGBE2YZMxn9Des0hLcCAwEA\nAQKCAgAHLVXUu5HlR5hRVpVszkPY0VnAO7uBV60QnF4yuYpbOCJzrVl7WJhCWa9o\nwy5gFOXPRe/G5RQ+1pDsrMcxQXQCaQX+3KGUJ8y0MeRsZwF5/FXdFoNdrYxlfQ2P\nDbv6TCLR8C4ASL+IJ8bhceV0pe2g2YfsuSi1BsXa+8uyWYutQpeiGCMa4FrdOplp\nt7t+HD8HRJ3yTlRaClzEtpYFZcYVCIFBkvfEYU8yo5bA0hdxCpULgouyezMv/1lq\nn0llUrHbfPXBR2Qa/3hbiE8sF4alGMdGyGR02MMXUUADAMX7cDXVPW9cEos/sM4H\nZxVK8iJXC2uu6de/4ocLuw5FsLMWmlR2CaZ7QyzZ1rv6Ms0VWHUaebQH40xGPEBl\n0ahwGg/Uf7fnojUCZH4C0EhsKcZ2tshHT6rk0sjm6Mvyr/LFZpDCkXz/kqxrcDVZ\nLZeyyuyKyRw+zHe0AltsWklCPp+Q3WLviiTRiqeLIQtxamySLLFtJcH8HslIxCpY\nBf5yzWr6aUcn+Lgue0gX25Rwq/+tc1+t4XXt0SJrda0OWXTxdDlEBWV9FVhesKS4\ngsN/0cWHIB209OwItE9ij+e9ZNNZ6GIlDKki8UCG+f8iL4ksPjqdLoNztLqn51W/\nOnIN6J9Hmt6IH3vAYZmzdE2imLgj9bX8ftEgxF21p7/sctu37QKCAQEA4LRXJQmT\nCa6xYVHe9sgUN4A1hyyvSZfDPzJktQ+m9v1Lhl1IudjUdZYYYHQZSOc9HhPLXr/y\nU6gCeM0yoR19xE3Sf1Qm+i7wwv7VAz/VgAZ6r2/OIYvbc1J7SQ3TstYsoH/iRD9R\nLm0kKR3lX5jIlccCvwPvOIGAwVMCON06kI/orYMmDtcsWOxXkMbuYGe7QEe4VlF7\nlL1pjU/WHpWt6+iJMc0ttysc+g+fMnmNH8d/sRQ7Du8Eq0KH7EzyWp8YjsSR68d3\nNIh10UPoKMe1XH6TFPWS3h1YpAWzDW8iZ7z5n20uuO28RYas1siWFMxhQD/MDLhV\n+gKKXxrX3tsfwwKCAQEAwWvyunS79/XKlJL5C/rqxNtlhbeH0S5FNlYIrcQJCNFw\njkiMIagbfyz/voaTzaq99SGaOHwVFPSuzUin+Hx97keEeLxDa1ulXI9TTYqvtG4u\nJt89fz1QDNrVHnNh5EEl1foRnb6SBgTzpMdIc1ylVnXq39NoziA8Tv6WfapdhOx7\nHYlJTcRU9ZVbBcq0PYUbTi+aAWDsU/yAQc+Bvxjt5suXtqwVNUQZ/YnURMI5a/lW\nZvEPDG9+4bvRXgSutF2PDX7dwQbDaP7eghm4XbqHkELAtY/f7b/aVK/e74QuOX2H\nbQeM4EHlNWVudOgLnngcoVNHRUN9BL0qa4yVDshL/QKCAQEAzq7yjT2+QqStwX9l\n34ZvmhFSqxA99yohzCpVGXnZMMwRQPji4RcBbVru9yEy9KzFubmpUXCqu6oJBAZy\ncGHJAdw3JylHZM3yZNmzIvb/MXBEPsRPTOnwo6WVgr+2HoQDrmmSvQWkbVi0byFx\njrngnmvcKci7rDTqMmhg3d8XdEr6UUcVpYbj4rMZZDCmqIQhZ2HQu4zdaBXFVda+\nc4ln3VsZfnZke1urnpLp8qp9VWLSIBYksHrHx6M9lOu96/70vrUuJzpkeiyeeirF\nC2WOexJtxVSQj79cfhpD9LJpahQXYz4xQKZji2vx5OnBqkXHmipUTMrtQjY+AnaV\nYwYYswKCAQEAsSOfpMuL6kccRH1lwGcH40na7F9s71Ik6OJaCGnkrELDhktCqwA+\nTnZzsZWmf1DDr2Aa0WgyFoMQI8lKq/O3kSXGWJxyUjwYcXCBph5BVEkj003YEFOi\noGM5ky2wlU5kzFa9E26YZRLb4CjyXVSXx1suw9XlwgEbumzGfkgsZbP9/Mria2pH\nNLKYLfG6qCzjGPPXYzPUvAYfoCXeeZjnJ9uFEjL/KU05UE2OLXqDBDPRwW07jvP9\ni9ZqpGQ9a8nTXVS22jTLebkRJq1Pf+d4h9Hak200c5Sk67I1xb2UZ+piwKONjURM\nGl7OjhqFqZfvAIA4YWKxeEmWM/EIAgXGMQKCAQAicMOYwCr8UbY+yyxKBAONpXUY\nvgo245EbhJfOOpxtdYMXkjPeI9G48O7DjejkfRKFB2pkSlzuMD1YyWWKjQR3+1n7\nIOz1nU95LVSfiBuBerIqbn0OWU0y0Ft9w3a0wE57kZz/45y3fB1Yc3v7oywbZCd8\nbXemwva0Tm+CmVgDfB1QnhFF02ESGdun3FUv7FwTh6PvHO2R9Yt6kVqMax/vbnYH\nTUtK0E05aXZWvJokh9Ua81ykBN4gYQQMjACKDK47THFj7g9GYNnBe8cBOGHMsU83\n3Ihxo4EDOciUTTPLXu/w+fxd3e9MimLAnNZ8O++hT8PmA0vBoVn8vd60E5Xv\n-----END RSA PRIVATE KEY-----",
            "content_base64": null,
            "content_base64sha256": "qJGJU0vfzLJh3tWdEUbyxhcJ7Uc//vVeRy5U7ByTz1Q=",
            "content_base64sha512": "Awg/c5tOmoQ1TTiwcHNOxjkdwwtJAiAcdRmaqkCzDmIg9+ok5k06oidGDOjyV+ZTgC63V6F5XLXLgstS6dr3OA==",
            "content_md5": "d7edb8b65b7bfd22674b8fd5adc11fd8",
            "content_sha1": "194a405f97757083a6e0f667b56dae8c21f2e2f1",
            "content_sha256": "a89189534bdfccb261ded59d1146f2c61709ed473ffef55e472e54ec1c93cf54",
            "content_sha512": "03083f739b4e9a84354d38b070734ec6391dc30b4902201c75199aaa40b30e6220f7ea24e64d3aa227460ce8f257e653802eb757a1795cb5cb82cb52e9daf738",
            "directory_permission": "0777",
            "file_permission": "0777",
            "filename": "./private_key.pem",
            "id": "194a405f97757083a6e0f667b56dae8c21f2e2f1",
            "sensitive_content": null,
            "source": null
          },
          "sensitive_attributes": [
            [
              {
                "type": "get_attr",
                "value": "content"
              }
            ],
            [
              {
                "type": "get_attr",
                "value": "sensitive_content"
              }
            ]
          ],
          "identity_schema_version": 0,
          "dependencies": [
            "tls_private_key.ssh_key_gen"
          ]
        }
      ]
    },
    {
      "mode": "managed",
      "type": "local_file",
      "name": "public_key",
      "provider": "provider[\"registry.terraform.io/hashicorp/local\"]",
      "instances": [
        {
          "schema_version": 0,
          "attributes": {
            "content": "ssh-rsa AAAAB3NzaC1yc2EAAAADAQABAAACAQCpxrYhfJHjleKcJoKB+ym6KYqEu+v0prskB9YmgezCFvpMxI3PIFm3pN6LrJLZ6MwKJAqcVL7lI8isZRNcggjD/OVU1jqQLqZqaO76olbbcAYLlcePWptsebKrVy8smDJ1WcNVrgW4UxKjt0U2mVIUKIsuWO46z+TPsArquUTGgSsTnT2WVaH9FgE7Ax1qYHsI4lADWhtK9Tet4yVgCHPyYPTfcu775SoVmjWJ5VHtPpxCrS4/7shYkiA+5f2PvWUO/5tNxRU+AkAglk+YY61zN+Q9I7xKlrO6ut4QzB1nRvGUp02eUnPNLw2OWxSP6NVfebbw2TTIWnSK+20mTE2+lokbRDakif4F7Lqn8PRCiRTdm7MQ1ZRS5DJce0p+kGkZFnynFSEr+K4lr2EZTy2hj2V0Xr/iyae0zawZJYpmRK+YIqrq5ct2iJjF8rbf0QQKbYcUMedKdgGsaPJ/RRzpTggy6IoITUN0xNizeK4+IQ4cn7syNllBAmBOUHgNPMhf75mOWeVOhz+YxxuFvE+/+Awoos1d46p9qUkE2AbAhakb7vFWCRMjqAhwsTd8jo6y2xDkhdDH3iF++JInR1QihuCPTgSpz5uWKhJ5jCHXmMtv5KMhONbtk6KiOPIN1uKmk+JGV24sq5RgOl9yeCbwidVwcYETZhkzGf0N6zSEtw==",
            "content_base64": null,
            "content_base64sha256": "+/1SQnpHYypqFAFzp+E69VKGK4u0o+9AYT8nLopgFXc=",
            "content_base64sha512": "7eWNAbYMZax5Z0BXIaX5NUVMsxfNZxbrGMF6VLXa7NuBkI2+BIbOyBK4DxIR4eESfrb6lILoWJZX8NVz++V40A==",
            "content_md5": "6812cbd7e1fd56b934a6b713fc7eff02",
            "content_sha1": "260623042ece748030981afb6dfb51192bb587ff",
            "content_sha256": "fbfd52427a47632a6a140173a7e13af552862b8bb4a3ef40613f272e8a601577",
            "content_sha512": "ede58d01b60c65ac7967405721a5f935454cb317cd6716eb18c17a54b5daecdb81908dbe0486cec812b80f1211e1e1127eb6fa9482e8589657f0d573fbe578d0",
            "directory_permission": "0777",
            "file_permission": "0777",
            "filename": "./public_key.pub",
            "id": "260623042ece748030981afb6dfb51192bb587ff",
            "sensitive_content": null,
            "source": null
          },
          "sensitive_attributes": [
            [
              {
                "type": "get_attr",
                "value": "sensitive_content"
              }
            ]
          ],
          "identity_schema_version": 0,
          "dependencies": [
            "tls_private_key.ssh_key_gen"
          ]
        }
      ]
    },
    {
      "mode": "managed",
      "type": "random_string",
      "name": "naming",
      "provider": "provider[\"registry.terraform.io/hashicorp/random\"]",
      "instances": [
        {
          "schema_version": 2,
          "attributes": {
            "id": "ZlKm5mC",
            "keepers": null,
            "length": 7,
            "lower": true,
            "min_lower": 0,
            "min_numeric": 0,
            "min_special": 0,
            "min_upper": 0,
            "number": true,
            "numeric": true,
            "override_special": "/@£$",
            "result": "ZlKm5mC",
            "special": false,
            "upper": true
          },
          "sensitive_attributes": [],
          "identity_schema_version": 0
        }
      ]
    },
    {
      "mode": "managed",
      "type": "tls_private_key",
      "name": "ssh_key_gen",
      "provider": "provider[\"registry.terraform.io/hashicorp/tls\"]",
      "instances": [
        {
          "schema_version": 1,
          "attributes": {
            "algorithm": "RSA",
            "ecdsa_curve": "P224",
            "id": "7da6fd98dc25a7f44900427811f48533f24ee670",
            "private_key_openssh": "-----BEGIN OPENSSH PRIVATE KEY-----\nb3BlbnNzaC1rZXktdjEAAAAABG5vbmUAAAAEbm9uZQAAAAAAAAABAAACFwAAAAdz\nc2gtcnNhAAAAAwEAAQAAAgEAqca2IXyR45XinCaCgfspuimKhLvr9Ka7JAfWJoHs\nwhb6TMSNzyBZt6Tei6yS2ejMCiQKnFS+5SPIrGUTXIIIw/zlVNY6kC6mamju+qJW\n23AGC5XHj1qbbHmyq1cvLJgydVnDVa4FuFMSo7dFNplSFCiLLljuOs/kz7AK6rlE\nxoErE509llWh/RYBOwMdamB7COJQA1obSvU3reMlYAhz8mD033Lu++UqFZo1ieVR\n7T6cQq0uP+7IWJIgPuX9j71lDv+bTcUVPgJAIJZPmGOtczfkPSO8SpazurreEMwd\nZ0bxlKdNnlJzzS8NjlsUj+jVX3m28Nk0yFp0ivttJkxNvpaJG0Q2pIn+Bey6p/D0\nQokU3ZuzENWUUuQyXHtKfpBpGRZ8pxUhK/iuJa9hGU8toY9ldF6/4smntM2sGSWK\nZkSvmCKq6uXLdoiYxfK239EECm2HFDHnSnYBrGjyf0Uc6U4IMuiKCE1DdMTYs3iu\nPiEOHJ+7MjZZQQJgTlB4DTzIX++ZjlnlToc/mMcbhbxPv/gMKKLNXeOqfalJBNgG\nwIWpG+7xVgkTI6gIcLE3fI6OstsQ5IXQx94hfviSJ0dUIobgj04Eqc+blioSeYwh\n15jLb+SjITjW7ZOiojjyDdbippPiRlduLKuUYDpfcngm8InVcHGBE2YZMxn9Des0\nhLcAAAc4OMR0OzjEdDsAAAAHc3NoLXJzYQAAAgEAqca2IXyR45XinCaCgfspuimK\nhLvr9Ka7JAfWJoHswhb6TMSNzyBZt6Tei6yS2ejMCiQKnFS+5SPIrGUTXIIIw/zl\nVNY6kC6mamju+qJW23AGC5XHj1qbbHmyq1cvLJgydVnDVa4FuFMSo7dFNplSFCiL\nLljuOs/kz7AK6rlExoErE509llWh/RYBOwMdamB7COJQA1obSvU3reMlYAhz8mD0\n33Lu++UqFZo1ieVR7T6cQq0uP+7IWJIgPuX9j71lDv+bTcUVPgJAIJZPmGOtczfk\nPSO8SpazurreEMwdZ0bxlKdNnlJzzS8NjlsUj+jVX3m28Nk0yFp0ivttJkxNvpaJ\nG0Q2pIn+Bey6p/D0QokU3ZuzENWUUuQyXHtKfpBpGRZ8pxUhK/iuJa9hGU8toY9l\ndF6/4smntM2sGSWKZkSvmCKq6uXLdoiYxfK239EECm2HFDHnSnYBrGjyf0Uc6U4I\nMuiKCE1DdMTYs3iuPiEOHJ+7MjZZQQJgTlB4DTzIX++ZjlnlToc/mMcbhbxPv/gM\nKKLNXeOqfalJBNgGwIWpG+7xVgkTI6gIcLE3fI6OstsQ5IXQx94hfviSJ0dUIobg\nj04Eqc+blioSeYwh15jLb+SjITjW7ZOiojjyDdbippPiRlduLKuUYDpfcngm8InV\ncHGBE2YZMxn9Des0hLcAAAADAQABAAACAActVdS7keVHmFFWlWzOQ9jRWcA7u4FX\nrRCcXjK5ils4InOtWXtYmEJZr2jDLmAU5c9F78blFD7WkOysxzFBdAJpBf7coZQn\nzLQx5GxnAXn8Vd0Wg12tjGV9DY8Nu/pMItHwLgBIv4gnxuFx5XSl7aDZh+y5KLUG\nxdr7y7JZi61Cl6IYIxrgWt06mWm3u34cPwdEnfJOVFoKXMS2lgVlxhUIgUGS98Rh\nTzKjlsDSF3EKlQuCi7J7My//WWqfSWVSsdt89cFHZBr/eFuITywXhqUYx0bIZHTY\nwxdRQAMAxftwNdU9b1wSiz+wzgdnFUryIlcLa67p17/ihwu7DkWwsxaaVHYJpntD\nLNnWu/oyzRVYdRp5tAfjTEY8QGXRqHAaD9R/t+eiNQJkfgLQSGwpxna2yEdPquTS\nyOboy/Kv8sVmkMKRfP+SrGtwNVktl7LK7IrJHD7Md7QCW2xaSUI+n5DdYu+KJNGK\np4shC3FqbJIssW0lwfweyUjEKlgF/nLNavppRyf4uC57SBfblHCr/61zX63hde3R\nImt1rQ5ZdPF0OUQFZX0VWF6wpLiCw3/RxYcgHbT07Ai0T2KP571k01noYiUMqSLx\nQIb5/yIviSw+Op0ug3O0uqfnVb86cg3on0ea3ogfe8BhmbN0TaKYuCP1tfx+0SDE\nXbWnv+xy27ftAAABACJww5jAKvxRtj7LLEoEA42ldRi+CjbjkRuEl846nG11gxeS\nM94j0bjw7sON6OR9EoUHamRKXO4wPVjJZYqNBHf7Wfsg7PWdT3ktVJ+IG4F6sipu\nfQ5ZTTLQW33DdrTATnuRnP/jnLd8HVhze/ujLBtkJ3xtd6bC9rROb4KZWAN8HVCe\nEUXTYRIZ26fcVS/sXBOHo+8c7ZH1i3qRWoxrH+9udgdNS0rQTTlpdla8miSH1Rrz\nXKQE3iBhBAyMAIoMrjtMcWPuD0Zg2cF7xwE4YcyxTzfciHGjgQM5yJRNM8te7/D5\n/F3d70yKYsCc1nw776FPw+YDS8GhWfy93rQTle8AAAEBAOC0VyUJkwmusWFR3vbI\nFDeANYcsr0mXwz8yZLUPpvb9S4ZdSLnY1HWWGGB0GUjnPR4Ty16/8lOoAnjNMqEd\nfcRN0n9UJvou8ML+1QM/1YAGeq9vziGL23NSe0kN07LWLKB/4kQ/US5tJCkd5V+Y\nyJXHAr8D7ziBgMFTAjjdOpCP6K2DJg7XLFjsV5DG7mBnu0BHuFZRe5S9aY1P1h6V\nrevoiTHNLbcrHPoPnzJ5jR/Hf7EUOw7vBKtCh+xM8lqfGI7EkevHdzSIddFD6CjH\ntVx+kxT1kt4dWKQFsw1vIme8+Z9tLrjtvEWGrNbIlhTMYUA/zAy4VfoCil8a197b\nH8MAAAEBAMFr8rp0u/f1ypSS+Qv66sTbZYW3h9EuRTZWCK3ECQjRcI5IjCGoG38s\n/76Gk82qvfUhmjh8FRT0rs1Ip/h8fe5HhHi8Q2tbpVyPU02Kr7RuLibfPX89UAza\n1R5zYeRBJdX6EZ2+kgYE86THSHNcpVZ16t/TaM4gPE7+ln2qXYTsex2JSU3EVPWV\nWwXKtD2FG04vmgFg7FP8gEHPgb8Y7ebLl7asFTVEGf2J1ETCOWv5VmbxDwxvfuG7\n0V4ErrRdjw1+3cEGw2j+3oIZuF26h5BCwLWP3+2/2lSv3u+ELjl9h20HjOBB5TVl\nbnToC554HKFTR0VDfQS9KmuMlQ7IS/0AAAAAAQID\n-----END OPENSSH PRIVATE KEY-----\n",
            "private_key_pem": "-----BEGIN RSA PRIVATE KEY-----\nMIIJKQIBAAKCAgEAqca2IXyR45XinCaCgfspuimKhLvr9Ka7JAfWJoHswhb6TMSN\nzyBZt6Tei6yS2ejMCiQKnFS+5SPIrGUTXIIIw/zlVNY6kC6mamju+qJW23AGC5XH\nj1qbbHmyq1cvLJgydVnDVa4FuFMSo7dFNplSFCiLLljuOs/kz7AK6rlExoErE509\nllWh/RYBOwMdamB7COJQA1obSvU3reMlYAhz8mD033Lu++UqFZo1ieVR7T6cQq0u\nP+7IWJIgPuX9j71lDv+bTcUVPgJAIJZPmGOtczfkPSO8SpazurreEMwdZ0bxlKdN\nnlJzzS8NjlsUj+jVX3m28Nk0yFp0ivttJkxNvpaJG0Q2pIn+Bey6p/D0QokU3Zuz\nENWUUuQyXHtKfpBpGRZ8pxUhK/iuJa9hGU8toY9ldF6/4smntM2sGSWKZkSvmCKq\n6uXLdoiYxfK239EECm2HFDHnSnYBrGjyf0Uc6U4IMuiKCE1DdMTYs3iuPiEOHJ+7\nMjZZQQJgTlB4DTzIX++ZjlnlToc/mMcbhbxPv/gMKKLNXeOqfalJBNgGwIWpG+7x\nVgkTI6gIcLE3fI6OstsQ5IXQx94hfviSJ0dUIobgj04Eqc+blioSeYwh15jLb+Sj\nITjW7ZOiojjyDdbippPiRlduLKuUYDpfcngm8InVcHGBE2YZMxn9Des0hLcCAwEA\nAQKCAgAHLVXUu5HlR5hRVpVszkPY0VnAO7uBV60QnF4yuYpbOCJzrVl7WJhCWa9o\nwy5gFOXPRe/G5RQ+1pDsrMcxQXQCaQX+3KGUJ8y0MeRsZwF5/FXdFoNdrYxlfQ2P\nDbv6TCLR8C4ASL+IJ8bhceV0pe2g2YfsuSi1BsXa+8uyWYutQpeiGCMa4FrdOplp\nt7t+HD8HRJ3yTlRaClzEtpYFZcYVCIFBkvfEYU8yo5bA0hdxCpULgouyezMv/1lq\nn0llUrHbfPXBR2Qa/3hbiE8sF4alGMdGyGR02MMXUUADAMX7cDXVPW9cEos/sM4H\nZxVK8iJXC2uu6de/4ocLuw5FsLMWmlR2CaZ7QyzZ1rv6Ms0VWHUaebQH40xGPEBl\n0ahwGg/Uf7fnojUCZH4C0EhsKcZ2tshHT6rk0sjm6Mvyr/LFZpDCkXz/kqxrcDVZ\nLZeyyuyKyRw+zHe0AltsWklCPp+Q3WLviiTRiqeLIQtxamySLLFtJcH8HslIxCpY\nBf5yzWr6aUcn+Lgue0gX25Rwq/+tc1+t4XXt0SJrda0OWXTxdDlEBWV9FVhesKS4\ngsN/0cWHIB209OwItE9ij+e9ZNNZ6GIlDKki8UCG+f8iL4ksPjqdLoNztLqn51W/\nOnIN6J9Hmt6IH3vAYZmzdE2imLgj9bX8ftEgxF21p7/sctu37QKCAQEA4LRXJQmT\nCa6xYVHe9sgUN4A1hyyvSZfDPzJktQ+m9v1Lhl1IudjUdZYYYHQZSOc9HhPLXr/y\nU6gCeM0yoR19xE3Sf1Qm+i7wwv7VAz/VgAZ6r2/OIYvbc1J7SQ3TstYsoH/iRD9R\nLm0kKR3lX5jIlccCvwPvOIGAwVMCON06kI/orYMmDtcsWOxXkMbuYGe7QEe4VlF7\nlL1pjU/WHpWt6+iJMc0ttysc+g+fMnmNH8d/sRQ7Du8Eq0KH7EzyWp8YjsSR68d3\nNIh10UPoKMe1XH6TFPWS3h1YpAWzDW8iZ7z5n20uuO28RYas1siWFMxhQD/MDLhV\n+gKKXxrX3tsfwwKCAQEAwWvyunS79/XKlJL5C/rqxNtlhbeH0S5FNlYIrcQJCNFw\njkiMIagbfyz/voaTzaq99SGaOHwVFPSuzUin+Hx97keEeLxDa1ulXI9TTYqvtG4u\nJt89fz1QDNrVHnNh5EEl1foRnb6SBgTzpMdIc1ylVnXq39NoziA8Tv6WfapdhOx7\nHYlJTcRU9ZVbBcq0PYUbTi+aAWDsU/yAQc+Bvxjt5suXtqwVNUQZ/YnURMI5a/lW\nZvEPDG9+4bvRXgSutF2PDX7dwQbDaP7eghm4XbqHkELAtY/f7b/aVK/e74QuOX2H\nbQeM4EHlNWVudOgLnngcoVNHRUN9BL0qa4yVDshL/QKCAQEAzq7yjT2+QqStwX9l\n34ZvmhFSqxA99yohzCpVGXnZMMwRQPji4RcBbVru9yEy9KzFubmpUXCqu6oJBAZy\ncGHJAdw3JylHZM3yZNmzIvb/MXBEPsRPTOnwo6WVgr+2HoQDrmmSvQWkbVi0byFx\njrngnmvcKci7rDTqMmhg3d8XdEr6UUcVpYbj4rMZZDCmqIQhZ2HQu4zdaBXFVda+\nc4ln3VsZfnZke1urnpLp8qp9VWLSIBYksHrHx6M9lOu96/70vrUuJzpkeiyeeirF\nC2WOexJtxVSQj79cfhpD9LJpahQXYz4xQKZji2vx5OnBqkXHmipUTMrtQjY+AnaV\nYwYYswKCAQEAsSOfpMuL6kccRH1lwGcH40na7F9s71Ik6OJaCGnkrELDhktCqwA+\nTnZzsZWmf1DDr2Aa0WgyFoMQI8lKq/O3kSXGWJxyUjwYcXCBph5BVEkj003YEFOi\noGM5ky2wlU5kzFa9E26YZRLb4CjyXVSXx1suw9XlwgEbumzGfkgsZbP9/Mria2pH\nNLKYLfG6qCzjGPPXYzPUvAYfoCXeeZjnJ9uFEjL/KU05UE2OLXqDBDPRwW07jvP9\ni9ZqpGQ9a8nTXVS22jTLebkRJq1Pf+d4h9Hak200c5Sk67I1xb2UZ+piwKONjURM\nGl7OjhqFqZfvAIA4YWKxeEmWM/EIAgXGMQKCAQAicMOYwCr8UbY+yyxKBAONpXUY\nvgo245EbhJfOOpxtdYMXkjPeI9G48O7DjejkfRKFB2pkSlzuMD1YyWWKjQR3+1n7\nIOz1nU95LVSfiBuBerIqbn0OWU0y0Ft9w3a0wE57kZz/45y3fB1Yc3v7oywbZCd8\nbXemwva0Tm+CmVgDfB1QnhFF02ESGdun3FUv7FwTh6PvHO2R9Yt6kVqMax/vbnYH\nTUtK0E05aXZWvJokh9Ua81ykBN4gYQQMjACKDK47THFj7g9GYNnBe8cBOGHMsU83\n3Ihxo4EDOciUTTPLXu/w+fxd3e9MimLAnNZ8O++hT8PmA0vBoVn8vd60E5Xv\n-----END RSA PRIVATE KEY-----\n",
            "private_key_pem_pkcs8": "-----BEGIN PRIVATE KEY-----\nMIIJQwIBADANBgkqhkiG9w0BAQEFAASCCS0wggkpAgEAAoICAQCpxrYhfJHjleKc\nJoKB+ym6KYqEu+v0prskB9YmgezCFvpMxI3PIFm3pN6LrJLZ6MwKJAqcVL7lI8is\nZRNcggjD/OVU1jqQLqZqaO76olbbcAYLlcePWptsebKrVy8smDJ1WcNVrgW4UxKj\nt0U2mVIUKIsuWO46z+TPsArquUTGgSsTnT2WVaH9FgE7Ax1qYHsI4lADWhtK9Tet\n4yVgCHPyYPTfcu775SoVmjWJ5VHtPpxCrS4/7shYkiA+5f2PvWUO/5tNxRU+AkAg\nlk+YY61zN+Q9I7xKlrO6ut4QzB1nRvGUp02eUnPNLw2OWxSP6NVfebbw2TTIWnSK\n+20mTE2+lokbRDakif4F7Lqn8PRCiRTdm7MQ1ZRS5DJce0p+kGkZFnynFSEr+K4l\nr2EZTy2hj2V0Xr/iyae0zawZJYpmRK+YIqrq5ct2iJjF8rbf0QQKbYcUMedKdgGs\naPJ/RRzpTggy6IoITUN0xNizeK4+IQ4cn7syNllBAmBOUHgNPMhf75mOWeVOhz+Y\nxxuFvE+/+Awoos1d46p9qUkE2AbAhakb7vFWCRMjqAhwsTd8jo6y2xDkhdDH3iF+\n+JInR1QihuCPTgSpz5uWKhJ5jCHXmMtv5KMhONbtk6KiOPIN1uKmk+JGV24sq5Rg\nOl9yeCbwidVwcYETZhkzGf0N6zSEtwIDAQABAoICAActVdS7keVHmFFWlWzOQ9jR\nWcA7u4FXrRCcXjK5ils4InOtWXtYmEJZr2jDLmAU5c9F78blFD7WkOysxzFBdAJp\nBf7coZQnzLQx5GxnAXn8Vd0Wg12tjGV9DY8Nu/pMItHwLgBIv4gnxuFx5XSl7aDZ\nh+y5KLUGxdr7y7JZi61Cl6IYIxrgWt06mWm3u34cPwdEnfJOVFoKXMS2lgVlxhUI\ngUGS98RhTzKjlsDSF3EKlQuCi7J7My//WWqfSWVSsdt89cFHZBr/eFuITywXhqUY\nx0bIZHTYwxdRQAMAxftwNdU9b1wSiz+wzgdnFUryIlcLa67p17/ihwu7DkWwsxaa\nVHYJpntDLNnWu/oyzRVYdRp5tAfjTEY8QGXRqHAaD9R/t+eiNQJkfgLQSGwpxna2\nyEdPquTSyOboy/Kv8sVmkMKRfP+SrGtwNVktl7LK7IrJHD7Md7QCW2xaSUI+n5Dd\nYu+KJNGKp4shC3FqbJIssW0lwfweyUjEKlgF/nLNavppRyf4uC57SBfblHCr/61z\nX63hde3RImt1rQ5ZdPF0OUQFZX0VWF6wpLiCw3/RxYcgHbT07Ai0T2KP571k01no\nYiUMqSLxQIb5/yIviSw+Op0ug3O0uqfnVb86cg3on0ea3ogfe8BhmbN0TaKYuCP1\ntfx+0SDEXbWnv+xy27ftAoIBAQDgtFclCZMJrrFhUd72yBQ3gDWHLK9Jl8M/MmS1\nD6b2/UuGXUi52NR1lhhgdBlI5z0eE8tev/JTqAJ4zTKhHX3ETdJ/VCb6LvDC/tUD\nP9WABnqvb84hi9tzUntJDdOy1iygf+JEP1EubSQpHeVfmMiVxwK/A+84gYDBUwI4\n3TqQj+itgyYO1yxY7FeQxu5gZ7tAR7hWUXuUvWmNT9Yela3r6IkxzS23Kxz6D58y\neY0fx3+xFDsO7wSrQofsTPJanxiOxJHrx3c0iHXRQ+gox7VcfpMU9ZLeHVikBbMN\nbyJnvPmfbS647bxFhqzWyJYUzGFAP8wMuFX6AopfGtfe2x/DAoIBAQDBa/K6dLv3\n9cqUkvkL+urE22WFt4fRLkU2VgitxAkI0XCOSIwhqBt/LP++hpPNqr31IZo4fBUU\n9K7NSKf4fH3uR4R4vENrW6Vcj1NNiq+0bi4m3z1/PVAM2tUec2HkQSXV+hGdvpIG\nBPOkx0hzXKVWderf02jOIDxO/pZ9ql2E7HsdiUlNxFT1lVsFyrQ9hRtOL5oBYOxT\n/IBBz4G/GO3my5e2rBU1RBn9idREwjlr+VZm8Q8Mb37hu9FeBK60XY8Nft3BBsNo\n/t6CGbhduoeQQsC1j9/tv9pUr97vhC45fYdtB4zgQeU1ZW506AueeByhU0dFQ30E\nvSprjJUOyEv9AoIBAQDOrvKNPb5CpK3Bf2Xfhm+aEVKrED33KiHMKlUZedkwzBFA\n+OLhFwFtWu73ITL0rMW5ualRcKq7qgkEBnJwYckB3DcnKUdkzfJk2bMi9v8xcEQ+\nxE9M6fCjpZWCv7YehAOuaZK9BaRtWLRvIXGOueCea9wpyLusNOoyaGDd3xd0SvpR\nRxWlhuPisxlkMKaohCFnYdC7jN1oFcVV1r5ziWfdWxl+dmR7W6uekunyqn1VYtIg\nFiSwesfHoz2U673r/vS+tS4nOmR6LJ56KsULZY57Em3FVJCPv1x+GkP0smlqFBdj\nPjFApmOLa/Hk6cGqRceaKlRMyu1CNj4CdpVjBhizAoIBAQCxI5+ky4vqRxxEfWXA\nZwfjSdrsX2zvUiTo4loIaeSsQsOGS0KrAD5OdnOxlaZ/UMOvYBrRaDIWgxAjyUqr\n87eRJcZYnHJSPBhxcIGmHkFUSSPTTdgQU6KgYzmTLbCVTmTMVr0TbphlEtvgKPJd\nVJfHWy7D1eXCARu6bMZ+SCxls/38yuJrakc0spgt8bqoLOMY89djM9S8Bh+gJd55\nmOcn24USMv8pTTlQTY4teoMEM9HBbTuO8/2L1mqkZD1rydNdVLbaNMt5uREmrU9/\n53iH0dqTbTRzlKTrsjXFvZRn6mLAo42NREwaXs6OGoWpl+8AgDhhYrF4SZYz8QgC\nBcYxAoIBACJww5jAKvxRtj7LLEoEA42ldRi+CjbjkRuEl846nG11gxeSM94j0bjw\n7sON6OR9EoUHamRKXO4wPVjJZYqNBHf7Wfsg7PWdT3ktVJ+IG4F6sipufQ5ZTTLQ\nW33DdrTATnuRnP/jnLd8HVhze/ujLBtkJ3xtd6bC9rROb4KZWAN8HVCeEUXTYRIZ\n26fcVS/sXBOHo+8c7ZH1i3qRWoxrH+9udgdNS0rQTTlpdla8miSH1RrzXKQE3iBh\nBAyMAIoMrjtMcWPuD0Zg2cF7xwE4YcyxTzfciHGjgQM5yJRNM8te7/D5/F3d70yK\nYsCc1nw776FPw+YDS8GhWfy93rQTle8=\n-----END PRIVATE KEY-----\n",
            "public_key_fingerprint_md5": "a0:07:e4:fd:a4:0a:94:ed:93:63:7c:36:b1:87:86:dc",
            "public_key_fingerprint_sha256": "SHA256:X9Mq3qdWLnw7WnQtxtTRYK7N5izSCGV0Y0illKR5fP0",
            "public_key_openssh": "ssh-rsa AAAAB3NzaC1yc2EAAAADAQABAAACAQCpxrYhfJHjleKcJoKB+ym6KYqEu+v0prskB9YmgezCFvpMxI3PIFm3pN6LrJLZ6MwKJAqcVL7lI8isZRNcggjD/OVU1jqQLqZqaO76olbbcAYLlcePWptsebKrVy8smDJ1WcNVrgW4UxKjt0U2mVIUKIsuWO46z+TPsArquUTGgSsTnT2WVaH9FgE7Ax1qYHsI4lADWhtK9Tet4yVgCHPyYPTfcu775SoVmjWJ5VHtPpxCrS4/7shYkiA+5f2PvWUO/5tNxRU+AkAglk+YY61zN+Q9I7xKlrO6ut4QzB1nRvGUp02eUnPNLw2OWxSP6NVfebbw2TTIWnSK+20mTE2+lokbRDakif4F7Lqn8PRCiRTdm7MQ1ZRS5DJce0p+kGkZFnynFSEr+K4lr2EZTy2hj2V0Xr/iyae0zawZJYpmRK+YIqrq5ct2iJjF8rbf0QQKbYcUMedKdgGsaPJ/RRzpTggy6IoITUN0xNizeK4+IQ4cn7syNllBAmBOUHgNPMhf75mOWeVOhz+YxxuFvE+/+Awoos1d46p9qUkE2AbAhakb7vFWCRMjqAhwsTd8jo6y2xDkhdDH3iF++JInR1QihuCPTgSpz5uWKhJ5jCHXmMtv5KMhONbtk6KiOPIN1uKmk+JGV24sq5RgOl9yeCbwidVwcYETZhkzGf0N6zSEtw==\n",
            "public_key_pem": "-----BEGIN PUBLIC KEY-----\nMIICIjANBgkqhkiG9w0BAQEFAAOCAg8AMIICCgKCAgEAqca2IXyR45XinCaCgfsp\nuimKhLvr9Ka7JAfWJoHswhb6TMSNzyBZt6Tei6yS2ejMCiQKnFS+5SPIrGUTXIII\nw/zlVNY6kC6mamju+qJW23AGC5XHj1qbbHmyq1cvLJgydVnDVa4FuFMSo7dFNplS\nFCiLLljuOs/kz7AK6rlExoErE509llWh/RYBOwMdamB7COJQA1obSvU3reMlYAhz\n8mD033Lu++UqFZo1ieVR7T6cQq0uP+7IWJIgPuX9j71lDv+bTcUVPgJAIJZPmGOt\nczfkPSO8SpazurreEMwdZ0bxlKdNnlJzzS8NjlsUj+jVX3m28Nk0yFp0ivttJkxN\nvpaJG0Q2pIn+Bey6p/D0QokU3ZuzENWUUuQyXHtKfpBpGRZ8pxUhK/iuJa9hGU8t\noY9ldF6/4smntM2sGSWKZkSvmCKq6uXLdoiYxfK239EECm2HFDHnSnYBrGjyf0Uc\n6U4IMuiKCE1DdMTYs3iuPiEOHJ+7MjZZQQJgTlB4DTzIX++ZjlnlToc/mMcbhbxP\nv/gMKKLNXeOqfalJBNgGwIWpG+7xVgkTI6gIcLE3fI6OstsQ5IXQx94hfviSJ0dU\nIobgj04Eqc+blioSeYwh15jLb+SjITjW7ZOiojjyDdbippPiRlduLKuUYDpfcngm\n8InVcHGBE2YZMxn9Des0hLcCAwEAAQ==\n-----END PUBLIC KEY-----\n",
            "rsa_bits": 4096
          },
          "sensitive_attributes": [
            [
              {
                "type": "get_attr",
                "value": "private_key_openssh"
              }
            ],
            [
              {
                "type": "get_attr",
                "value": "private_key_pem"
              }
            ],
            [
              {
                "type": "get_attr",
                "value": "private_key_pem_pkcs8"
              }
            ]
          ],
          "identity_schema_version": 0
        }
      ]
    }
  ],
  "check_results": null
}
